{
  "name": "senten",
  "version": "1.0.0-rc.3",
  "lockfileVersion": 3,
  "requires": true,
  "packages": {
    "": {
      "name": "senten",
      "version": "1.0.0-rc.3",
      "license": "Apache-2.0",
      "workspaces": [
        "packages/*",
        "adapters/*",
        "integrations/*"
      ],
      "dependencies": {
        "typescript": "5.8.3"
      },
      "bin": {
        "senten": "bin/senten.mjs"
      },
      "devDependencies": {
        "@types/node": "26.5.1"
      },
      "engines": {
        "node": ">=22.5"
      }
    },
    "adapters/expo": {
      "name": "@senten/adapter-expo",
      "version": "1.0.0-rc.1",
      "license": "Apache-2.0"
    },
    "adapters/next": {
      "name": "@senten/adapter-next",
      "version": "1.0.0-rc.1",
      "license": "Apache-2.0"
    },
    "adapters/react": {
      "name": "@senten/react",
      "version": "1.0.0-rc.1",
      "license": "Apache-2.0"
    },
    "adapters/supabase": {
      "name": "@senten/adapter-supabase",
      "version": "1.0.0-rc.1",
      "license": "Apache-2.0"
    },
    "adapters/tauri": {
      "name": "@senten/adapter-tauri",
      "version": "1.0.0-rc.1",
      "license": "Apache-2.0"
    },
    "integrations/git": {
      "name": "@senten/git",
      "version": "1.0.0-rc.1",
      "license": "Apache-2.0"
    },
    "integrations/launchproof": {
      "name": "@senten/launchproof",
      "version": "1.0.0-rc.1",
      "license": "Apache-2.0"
    },
    "node_modules/@senten/adapter-expo": {
      "resolved": "adapters/expo",
      "link": true
    },
    "node_modules/@senten/adapter-next": {
      "resolved": "adapters/next",
      "link": true
    },
    "node_modules/@senten/adapter-supabase": {
      "resolved": "adapters/supabase",
      "link": true
    },
    "node_modules/@senten/adapter-tauri": {
      "resolved": "adapters/tauri",
      "link": true
    },
    "node_modules/@senten/adoption": {
      "resolved": "packages/adoption",
      "link": true
    },
    "node_modules/@senten/agent-intelligence": {
      "resolved": "packages/agent-intelligence",
      "link": true
    },
    "node_modules/@senten/assurance": {
      "resolved": "packages/assurance",
      "link": true
    },
    "node_modules/@senten/capabilities": {
      "resolved": "packages/capabilities",
      "link": true
    },
    "node_modules/@senten/cli": {
      "resolved": "packages/cli",
      "link": true
    },
    "node_modules/@senten/contracts": {
      "resolved": "packages/contracts",
      "link": true
    },
    "node_modules/@senten/core": {
      "resolved": "packages/core",
      "link": true
    },
    "node_modules/@senten/evidence-intelligence": {
      "resolved": "packages/evidence-intelligence",
      "link": true
    },
    "node_modules/@senten/extension-sdk": {
      "resolved": "packages/extension-sdk",
      "link": true
    },
    "node_modules/@senten/git": {
      "resolved": "integrations/git",
      "link": true
    },
    "node_modules/@senten/impact-intelligence": {
      "resolved": "packages/impact-intelligence",
      "link": true
    },
    "node_modules/@senten/interaction": {
      "resolved": "packages/interaction",
      "link": true
    },
    "node_modules/@senten/launchproof": {
      "resolved": "integrations/launchproof",
      "link": true
    },
    "node_modules/@senten/local-state": {
      "resolved": "packages/local-state",
      "link": true
    },
    "node_modules/@senten/mcp": {
      "resolved": "packages/mcp",
      "link": true
    },
    "node_modules/@senten/memory": {
      "resolved": "packages/memory",
      "link": true
    },
    "node_modules/@senten/observatory": {
      "resolved": "packages/observatory",
      "link": true
    },
    "node_modules/@senten/package-security": {
      "resolved": "packages/package-security",
      "link": true
    },
    "node_modules/@senten/react": {
      "resolved": "adapters/react",
      "link": true
    },
    "node_modules/@senten/registry": {
      "resolved": "packages/registry",
      "link": true
    },
    "node_modules/@senten/release-readiness": {
      "resolved": "packages/release-readiness",
      "link": true
    },
    "node_modules/@senten/reporting": {
      "resolved": "packages/reporting",
      "link": true
    },
    "node_modules/@senten/runtime": {
      "resolved": "packages/runtime",
      "link": true
    },
    "node_modules/@senten/sandbox": {
      "resolved": "packages/sandbox",
      "link": true
    },
    "node_modules/@senten/scenario-lab": {
      "resolved": "packages/scenario-lab",
      "link": true
    },
    "node_modules/@senten/security": {
      "resolved": "packages/security",
      "link": true
    },
    "node_modules/@senten/semantic": {
      "resolved": "packages/semantic",
      "link": true
    },
    "node_modules/@senten/source-intelligence": {
      "resolved": "packages/source-intelligence",
      "link": true
    },
    "node_modules/@senten/stabilization": {
      "resolved": "packages/stabilization",
      "link": true
    },
    "node_modules/@senten/templates": {
      "resolved": "packages/templates",
      "link": true
    },
    "node_modules/@senten/workflows": {
      "resolved": "packages/workflows",
      "link": true
    },
    "node_modules/@types/node": {
      "version": "26.5.1",
      "resolved": "https://registry.npmjs.org/@types/node/-/node-26.5.1.tgz",
      "integrity": "sha512-CzNm2FezW4VR/LjG6yUdiEgLE/rAQ9Slj5gCu/C2VrdcW7I0ahNZ8DRbHT7zOZ6r3ONgd/bsQIeSaoDGrd1C6g==",
      "dev": true,
      "license": "MIT",
      "dependencies": {
        "undici-types": "~8.9.0"
      }
    },
    "node_modules/typescript": {
      "version": "5.8.3",
      "resolved": "https://registry.npmjs.org/typescript/-/typescript-5.8.3.tgz",
      "integrity": "sha512-p1diW6TqL9L07nNxvRMM7hMMw4c5XOo/1ibL4aAIGmSAt9slTE1Xgw5KWuof2uTOvCg9BY7ZRi+GaF+7sfgPeQ==",
      "license": "Apache-2.0",
      "bin": {
        "tsc": "bin/tsc",
        "tsserver": "bin/tsserver"
      },
      "engines": {
        "node": ">=14.17"
      }
    },
    "node_modules/undici-types": {
      "version": "8.9.0",
      "resolved": "https://registry.npmjs.org/undici-types/-/undici-types-8.9.0.tgz",
      "integrity": "sha512-KTDyRTYX8sWmKXAikPHHSyc63CRPETMctyjKFupcC6OBLXT3xsN0e9aF7m+mIXutFWpUXuedtowG7iLOzp0kQg==",
      "dev": true,
      "license": "MIT"
    },
    "packages/adoption": {
      "name": "@senten/adoption",
      "version": "1.0.0-rc.1"
    },
    "packages/agent-intelligence": {
      "name": "@senten/agent-intelligence",
      "version": "1.0.0-rc.1"
    },
    "packages/assurance": {
      "name": "@senten/assurance",
      "version": "1.0.0-rc.1",
      "license": "Apache-2.0"
    },
    "packages/capabilities": {
      "name": "@senten/capabilities",
      "version": "1.0.0-rc.1"
    },
    "packages/cli": {
      "name": "@senten/cli",
      "version": "1.0.0-rc.1",
      "license": "Apache-2.0"
    },
    "packages/contracts": {
      "name": "@senten/contracts",
      "version": "1.0.0-rc.1",
      "license": "Apache-2.0"
    },
    "packages/core": {
      "name": "@senten/core",
      "version": "1.0.0-rc.1",
      "license": "Apache-2.0"
    },
    "packages/evidence-intelligence": {
      "name": "@senten/evidence-intelligence",
      "version": "1.0.0-rc.1",
      "license": "Apache-2.0"
    },
    "packages/extension-sdk": {
      "name": "@senten/extension-sdk",
      "version": "1.0.0-rc.1",
      "license": "Apache-2.0"
    },
    "packages/impact-intelligence": {
      "name": "@senten/impact-intelligence",
      "version": "1.0.0-rc.1",
      "license": "Apache-2.0"
    },
    "packages/interaction": {
      "name": "@senten/interaction",
      "version": "1.0.0-rc.1"
    },
    "packages/local-state": {
      "name": "@senten/local-state",
      "version": "1.0.0-rc.1"
    },
    "packages/mcp": {
      "name": "@senten/mcp",
      "version": "1.0.0-rc.1"
    },
    "packages/memory": {
      "name": "@senten/memory",
      "version": "1.0.0-rc.1"
    },
    "packages/observatory": {
      "name": "@senten/observatory",
      "version": "1.0.0-rc.1",
      "license": "Apache-2.0"
    },
    "packages/package-security": {
      "name": "@senten/package-security",
      "version": "1.0.0-rc.1"
    },
    "packages/registry": {
      "name": "@senten/registry",
      "version": "1.0.0-rc.1"
    },
    "packages/release-readiness": {
      "name": "@senten/release-readiness",
      "version": "1.0.0-rc.1",
      "license": "Apache-2.0"
    },
    "packages/reporting": {
      "name": "@senten/reporting",
      "version": "1.0.0-rc.1",
      "license": "Apache-2.0"
    },
    "packages/runtime": {
      "name": "@senten/runtime",
      "version": "1.0.0-rc.1",
      "license": "Apache-2.0"
    },
    "packages/sandbox": {
      "name": "@senten/sandbox",
      "version": "1.0.0-rc.1",
      "license": "Apache-2.0"
    },
    "packages/scenario-lab": {
      "name": "@senten/scenario-lab",
      "version": "1.0.0-rc.3"
    },
    "packages/security": {
      "name": "@senten/security",
      "version": "1.0.0-rc.1",
      "license": "Apache-2.0"
    },
    "packages/semantic": {
      "name": "@senten/semantic",
      "version": "1.0.0-rc.1",
      "license": "Apache-2.0"
    },
    "packages/source-intelligence": {
      "name": "@senten/source-intelligence",
      "version": "1.0.0-rc.1",
      "license": "Apache-2.0"
    },
    "packages/stabilization": {
      "name": "@senten/stabilization",
      "version": "1.0.0-rc.1"
    },
    "packages/templates": {
      "name": "@senten/templates",
      "version": "1.0.0-rc.1"
    },
    "packages/workflows": {
      "name": "@senten/workflows",
      "version": "1.0.0-rc.1"
    }
  }
}
